
Microsoft Visual Studio Solution File, Format Version 12.00
# Visual Studio Version 16
VisualStudioVersion = 16.0.31911.196
MinimumVisualStudioVersion = 10.0.40219.1
Project("{FAE04EC0-301F-11D3-BF4B-00C04F79EFBC}") = "Point3", "Point3.csproj", "{23EBD04A-4FEB-49C7-8FE9-18FB353A95EF}"
EndProject
Global
	GlobalSection(SolutionConfigurationPlatforms) = preSolution
		Debug|Any CPU = Debug|Any CPU
		Release|Any CPU = Release|Any CPU
	EndGlobalSection
	GlobalSection(ProjectConfigurationPlatforms) = postSolution
		{23EBD04A-4FEB-49C7-8FE9-18FB353A95EF}.Debug|Any CPU.ActiveCfg = Debug|Any CPU
		{23EBD04A-4FEB-49C7-8FE9-18FB353A95EF}.Debug|Any CPU.Build.0 = Debug|Any CPU
		{23EBD04A-4FEB-49C7-8FE9-18FB353A95EF}.Release|Any CPU.ActiveCfg = Release|Any CPU
		{23EBD04A-4FEB-49C7-8FE9-18FB353A95EF}.Release|Any CPU.Build.0 = Release|Any CPU
	EndGlobalSection
	GlobalSection(SolutionProperties) = preSolution
		HideSolutionNode = FALSE
	EndGlobalSection
	GlobalSection(ExtensibilityGlobals) = postSolution
		SolutionGuid = {EC0A9F2A-1610-418C-9C98-2046AB744221}
	EndGlobalSection
EndGlobal
