
Microsoft Visual Studio Solution File, Format Version 12.00
# Visual Studio Version 16
VisualStudioVersion = 16.0.31911.196
MinimumVisualStudioVersion = 10.0.40219.1
Project("{FAE04EC0-301F-11D3-BF4B-00C04F79EFBC}") = "Point", "Point\Point.csproj", "{40800075-2882-4C99-A6A2-6B1628F1090D}"
EndProject
Global
	GlobalSection(SolutionConfigurationPlatforms) = preSolution
		Debug|Any CPU = Debug|Any CPU
		Release|Any CPU = Release|Any CPU
	EndGlobalSection
	GlobalSection(ProjectConfigurationPlatforms) = postSolution
		{40800075-2882-4C99-A6A2-6B1628F1090D}.Debug|Any CPU.ActiveCfg = Debug|Any CPU
		{40800075-2882-4C99-A6A2-6B1628F1090D}.Debug|Any CPU.Build.0 = Debug|Any CPU
		{40800075-2882-4C99-A6A2-6B1628F1090D}.Release|Any CPU.ActiveCfg = Release|Any CPU
		{40800075-2882-4C99-A6A2-6B1628F1090D}.Release|Any CPU.Build.0 = Release|Any CPU
	EndGlobalSection
	GlobalSection(SolutionProperties) = preSolution
		HideSolutionNode = FALSE
	EndGlobalSection
	GlobalSection(ExtensibilityGlobals) = postSolution
		SolutionGuid = {01989EA8-9380-466A-8BAB-50C0465D0CC6}
	EndGlobalSection
EndGlobal
